{
    "_meta": {
        "hash": {
            "sha256": "2837aaedccf4797d2ca98c7870b4866857f64b76701be613b47c36d15fd40680"
        },
        "pipfile-spec": 6,
        "requires": {},
        "sources": [
            {
                "name": "pypi",
                "url": "https://pypi.python.org/simple",
                "verify_ssl": true
            }
        ]
    },
    "default": {
        "nuitka": {
            "hashes": [
                "sha256:1e501b03b4a2b3940d76684bfde08f6cfd94b5ddd3db51e8b320a5c4e5f6c843"
            ],
            "index": "pypi",
            "version": "==0.6.3.1"
        }
    },
    "develop": {}
}
